
Microsoft Visual Studio Solution File, Format Version 12.00
# Visual Studio Version 16
VisualStudioVersion = 16.0.29613.14
MinimumVisualStudioVersion = 10.0.40219.1
Project("{8BC9CEB8-8B4A-11D0-8D11-00A0C91BC942}") = "workshop-climate-monitor", "workshop-climate-monitor\workshop-climate-monitor.vcxproj", "{C5F80730-F44F-4478-BDAE-6634EFC2CA88}"
EndProject
Project("{8BC9CEB8-8B4A-11D0-8D11-00A0C91BC942}") = "workshop-climate-sensors", "workshop-climate-sensors\workshop-climate-sensors.vcxproj", "{3619F95E-AC5C-4410-AC5B-1D6BB4CD61A7}"
EndProject
Project("{8BC9CEB8-8B4A-11D0-8D11-00A0C91BC942}") = "workshop-climate-lib", "..\libraries\workshop-climate-lib\workshop-climate-lib.vcxitems", "{16367AF1-1BA7-4893-9E82-6F1102AF0697}"
EndProject
Global
	GlobalSection(SharedMSBuildProjectFiles) = preSolution
		..\libraries\workshop-climate-lib\workshop-climate-lib.vcxitems*{16367af1-1ba7-4893-9e82-6f1102af0697}*SharedItemsImports = 9
		..\libraries\workshop-climate-lib\workshop-climate-lib.vcxitems*{3619f95e-ac5c-4410-ac5b-1d6bb4cd61a7}*SharedItemsImports = 4
		..\libraries\workshop-climate-lib\workshop-climate-lib.vcxitems*{c5f80730-f44f-4478-bdae-6634efc2ca88}*SharedItemsImports = 4
	EndGlobalSection
	GlobalSection(SolutionConfigurationPlatforms) = preSolution
		Debug|x86 = Debug|x86
		Release|x86 = Release|x86
	EndGlobalSection
	GlobalSection(ProjectConfigurationPlatforms) = postSolution
		{C5F80730-F44F-4478-BDAE-6634EFC2CA88}.Debug|x86.ActiveCfg = Debug|Win32
		{C5F80730-F44F-4478-BDAE-6634EFC2CA88}.Debug|x86.Build.0 = Debug|Win32
		{C5F80730-F44F-4478-BDAE-6634EFC2CA88}.Release|x86.ActiveCfg = Release|Win32
		{C5F80730-F44F-4478-BDAE-6634EFC2CA88}.Release|x86.Build.0 = Release|Win32
		{3619F95E-AC5C-4410-AC5B-1D6BB4CD61A7}.Debug|x86.ActiveCfg = Debug|Win32
		{3619F95E-AC5C-4410-AC5B-1D6BB4CD61A7}.Debug|x86.Build.0 = Debug|Win32
		{3619F95E-AC5C-4410-AC5B-1D6BB4CD61A7}.Release|x86.ActiveCfg = Release|Win32
		{3619F95E-AC5C-4410-AC5B-1D6BB4CD61A7}.Release|x86.Build.0 = Release|Win32
	EndGlobalSection
	GlobalSection(SolutionProperties) = preSolution
		HideSolutionNode = FALSE
	EndGlobalSection
	GlobalSection(ExtensibilityGlobals) = postSolution
		SolutionGuid = {D2B260FD-F97D-4C47-A701-B12E28233978}
	EndGlobalSection
EndGlobal
